
Microsoft Visual Studio Solution File, Format Version 12.00
# Visual Studio Version 17
VisualStudioVersion = 17.0.31903.59
MinimumVisualStudioVersion = 10.0.40219.1
Project("{2150E333-8FDC-42A3-9474-1A3956D46DE8}") = "src", "src", "{827E0CD3-B72D-47B6-A68D-7590B98EB39B}"
EndProject
Project("{FAE04EC0-301F-11D3-BF4B-00C04F79EFBC}") = "AutoTestAi.Domain", "src\AutoTestAi.Domain\AutoTestAi.Domain.csproj", "{CB4AA16E-4D8F-414B-9E89-8F53F59C4951}"
EndProject
Project("{FAE04EC0-301F-11D3-BF4B-00C04F79EFBC}") = "AutoTestAi.Application", "src\AutoTestAi.Application\AutoTestAi.Application.csproj", "{563708A1-BA21-4E87-9EC7-888BDF0CFD12}"
EndProject
Project("{FAE04EC0-301F-11D3-BF4B-00C04F79EFBC}") = "AutoTestAi.Infrastructure", "src\AutoTestAi.Infrastructure\AutoTestAi.Infrastructure.csproj", "{F1F0E355-3AC5-495F-9F04-8CE27591DB9C}"
EndProject
Project("{FAE04EC0-301F-11D3-BF4B-00C04F79EFBC}") = "AutoTestAi.Workflows", "src\AutoTestAi.Workflows\AutoTestAi.Workflows.csproj", "{202CBCED-251F-489E-9D6E-55FAA496CCFB}"
EndProject
Project("{FAE04EC0-301F-11D3-BF4B-00C04F79EFBC}") = "AutoTestAi.Api", "src\AutoTestAi.Api\AutoTestAi.Api.csproj", "{F40B0C5B-08B4-41F1-8236-104688857846}"
EndProject
Project("{2150E333-8FDC-42A3-9474-1A3956D46DE8}") = "tests", "tests", "{0AB3BF05-4346-4AA6-1389-037BE0695223}"
EndProject
Project("{FAE04EC0-301F-11D3-BF4B-00C04F79EFBC}") = "AutoTestAi.UnitTests", "tests\AutoTestAi.UnitTests\AutoTestAi.UnitTests.csproj", "{B344D617-947C-4316-BB45-F0AFFCC3248A}"
EndProject
Project("{FAE04EC0-301F-11D3-BF4B-00C04F79EFBC}") = "AutoTestAi.IntegrationTests", "tests\AutoTestAi.IntegrationTests\AutoTestAi.IntegrationTests.csproj", "{3BD473FD-03EC-42C1-B371-DECCA21FBEC4}"
EndProject
Project("{FAE04EC0-301F-11D3-BF4B-00C04F79EFBC}") = "AutoTestAi.E2ETests", "tests\AutoTestAi.E2ETests\AutoTestAi.E2ETests.csproj", "{2B93A0F2-D727-49FB-BF98-C51A8D93E700}"
EndProject
Global
	GlobalSection(SolutionConfigurationPlatforms) = preSolution
		Debug|Any CPU = Debug|Any CPU
		Debug|x64 = Debug|x64
		Debug|x86 = Debug|x86
		Release|Any CPU = Release|Any CPU
		Release|x64 = Release|x64
		Release|x86 = Release|x86
	EndGlobalSection
	GlobalSection(ProjectConfigurationPlatforms) = postSolution
		{CB4AA16E-4D8F-414B-9E89-8F53F59C4951}.Debug|Any CPU.ActiveCfg = Debug|Any CPU
		{CB4AA16E-4D8F-414B-9E89-8F53F59C4951}.Debug|Any CPU.Build.0 = Debug|Any CPU
		{CB4AA16E-4D8F-414B-9E89-8F53F59C4951}.Debug|x64.ActiveCfg = Debug|Any CPU
		{CB4AA16E-4D8F-414B-9E89-8F53F59C4951}.Debug|x64.Build.0 = Debug|Any CPU
		{CB4AA16E-4D8F-414B-9E89-8F53F59C4951}.Debug|x86.ActiveCfg = Debug|Any CPU
		{CB4AA16E-4D8F-414B-9E89-8F53F59C4951}.Debug|x86.Build.0 = Debug|Any CPU
		{CB4AA16E-4D8F-414B-9E89-8F53F59C4951}.Release|Any CPU.ActiveCfg = Release|Any CPU
		{CB4AA16E-4D8F-414B-9E89-8F53F59C4951}.Release|Any CPU.Build.0 = Release|Any CPU
		{CB4AA16E-4D8F-414B-9E89-8F53F59C4951}.Release|x64.ActiveCfg = Release|Any CPU
		{CB4AA16E-4D8F-414B-9E89-8F53F59C4951}.Release|x64.Build.0 = Release|Any CPU
		{CB4AA16E-4D8F-414B-9E89-8F53F59C4951}.Release|x86.ActiveCfg = Release|Any CPU
		{CB4AA16E-4D8F-414B-9E89-8F53F59C4951}.Release|x86.Build.0 = Release|Any CPU
		{563708A1-BA21-4E87-9EC7-888BDF0CFD12}.Debug|Any CPU.ActiveCfg = Debug|Any CPU
		{563708A1-BA21-4E87-9EC7-888BDF0CFD12}.Debug|Any CPU.Build.0 = Debug|Any CPU
		{563708A1-BA21-4E87-9EC7-888BDF0CFD12}.Debug|x64.ActiveCfg = Debug|Any CPU
		{563708A1-BA21-4E87-9EC7-888BDF0CFD12}.Debug|x64.Build.0 = Debug|Any CPU
		{563708A1-BA21-4E87-9EC7-888BDF0CFD12}.Debug|x86.ActiveCfg = Debug|Any CPU
		{563708A1-BA21-4E87-9EC7-888BDF0CFD12}.Debug|x86.Build.0 = Debug|Any CPU
		{563708A1-BA21-4E87-9EC7-888BDF0CFD12}.Release|Any CPU.ActiveCfg = Release|Any CPU
		{563708A1-BA21-4E87-9EC7-888BDF0CFD12}.Release|Any CPU.Build.0 = Release|Any CPU
		{563708A1-BA21-4E87-9EC7-888BDF0CFD12}.Release|x64.ActiveCfg = Release|Any CPU
		{563708A1-BA21-4E87-9EC7-888BDF0CFD12}.Release|x64.Build.0 = Release|Any CPU
		{563708A1-BA21-4E87-9EC7-888BDF0CFD12}.Release|x86.ActiveCfg = Release|Any CPU
		{563708A1-BA21-4E87-9EC7-888BDF0CFD12}.Release|x86.Build.0 = Release|Any CPU
		{F1F0E355-3AC5-495F-9F04-8CE27591DB9C}.Debug|Any CPU.ActiveCfg = Debug|Any CPU
		{F1F0E355-3AC5-495F-9F04-8CE27591DB9C}.Debug|Any CPU.Build.0 = Debug|Any CPU
		{F1F0E355-3AC5-495F-9F04-8CE27591DB9C}.Debug|x64.ActiveCfg = Debug|Any CPU
		{F1F0E355-3AC5-495F-9F04-8CE27591DB9C}.Debug|x64.Build.0 = Debug|Any CPU
		{F1F0E355-3AC5-495F-9F04-8CE27591DB9C}.Debug|x86.ActiveCfg = Debug|Any CPU
		{F1F0E355-3AC5-495F-9F04-8CE27591DB9C}.Debug|x86.Build.0 = Debug|Any CPU
		{F1F0E355-3AC5-495F-9F04-8CE27591DB9C}.Release|Any CPU.ActiveCfg = Release|Any CPU
		{F1F0E355-3AC5-495F-9F04-8CE27591DB9C}.Release|Any CPU.Build.0 = Release|Any CPU
		{F1F0E355-3AC5-495F-9F04-8CE27591DB9C}.Release|x64.ActiveCfg = Release|Any CPU
		{F1F0E355-3AC5-495F-9F04-8CE27591DB9C}.Release|x64.Build.0 = Release|Any CPU
		{F1F0E355-3AC5-495F-9F04-8CE27591DB9C}.Release|x86.ActiveCfg = Release|Any CPU
		{F1F0E355-3AC5-495F-9F04-8CE27591DB9C}.Release|x86.Build.0 = Release|Any CPU
		{202CBCED-251F-489E-9D6E-55FAA496CCFB}.Debug|Any CPU.ActiveCfg = Debug|Any CPU
		{202CBCED-251F-489E-9D6E-55FAA496CCFB}.Debug|Any CPU.Build.0 = Debug|Any CPU
		{202CBCED-251F-489E-9D6E-55FAA496CCFB}.Debug|x64.ActiveCfg = Debug|Any CPU
		{202CBCED-251F-489E-9D6E-55FAA496CCFB}.Debug|x64.Build.0 = Debug|Any CPU
		{202CBCED-251F-489E-9D6E-55FAA496CCFB}.Debug|x86.ActiveCfg = Debug|Any CPU
		{202CBCED-251F-489E-9D6E-55FAA496CCFB}.Debug|x86.Build.0 = Debug|Any CPU
		{202CBCED-251F-489E-9D6E-55FAA496CCFB}.Release|Any CPU.ActiveCfg = Release|Any CPU
		{202CBCED-251F-489E-9D6E-55FAA496CCFB}.Release|Any CPU.Build.0 = Release|Any CPU
		{202CBCED-251F-489E-9D6E-55FAA496CCFB}.Release|x64.ActiveCfg = Release|Any CPU
		{202CBCED-251F-489E-9D6E-55FAA496CCFB}.Release|x64.Build.0 = Release|Any CPU
		{202CBCED-251F-489E-9D6E-55FAA496CCFB}.Release|x86.ActiveCfg = Release|Any CPU
		{202CBCED-251F-489E-9D6E-55FAA496CCFB}.Release|x86.Build.0 = Release|Any CPU
		{F40B0C5B-08B4-41F1-8236-104688857846}.Debug|Any CPU.ActiveCfg = Debug|Any CPU
		{F40B0C5B-08B4-41F1-8236-104688857846}.Debug|Any CPU.Build.0 = Debug|Any CPU
		{F40B0C5B-08B4-41F1-8236-104688857846}.Debug|x64.ActiveCfg = Debug|Any CPU
		{F40B0C5B-08B4-41F1-8236-104688857846}.Debug|x64.Build.0 = Debug|Any CPU
		{F40B0C5B-08B4-41F1-8236-104688857846}.Debug|x86.ActiveCfg = Debug|Any CPU
		{F40B0C5B-08B4-41F1-8236-104688857846}.Debug|x86.Build.0 = Debug|Any CPU
		{F40B0C5B-08B4-41F1-8236-104688857846}.Release|Any CPU.ActiveCfg = Release|Any CPU
		{F40B0C5B-08B4-41F1-8236-104688857846}.Release|Any CPU.Build.0 = Release|Any CPU
		{F40B0C5B-08B4-41F1-8236-104688857846}.Release|x64.ActiveCfg = Release|Any CPU
		{F40B0C5B-08B4-41F1-8236-104688857846}.Release|x64.Build.0 = Release|Any CPU
		{F40B0C5B-08B4-41F1-8236-104688857846}.Release|x86.ActiveCfg = Release|Any CPU
		{F40B0C5B-08B4-41F1-8236-104688857846}.Release|x86.Build.0 = Release|Any CPU
		{B344D617-947C-4316-BB45-F0AFFCC3248A}.Debug|Any CPU.ActiveCfg = Debug|Any CPU
		{B344D617-947C-4316-BB45-F0AFFCC3248A}.Debug|Any CPU.Build.0 = Debug|Any CPU
		{B344D617-947C-4316-BB45-F0AFFCC3248A}.Debug|x64.ActiveCfg = Debug|Any CPU
		{B344D617-947C-4316-BB45-F0AFFCC3248A}.Debug|x64.Build.0 = Debug|Any CPU
		{B344D617-947C-4316-BB45-F0AFFCC3248A}.Debug|x86.ActiveCfg = Debug|Any CPU
		{B344D617-947C-4316-BB45-F0AFFCC3248A}.Debug|x86.Build.0 = Debug|Any CPU
		{B344D617-947C-4316-BB45-F0AFFCC3248A}.Release|Any CPU.ActiveCfg = Release|Any CPU
		{B344D617-947C-4316-BB45-F0AFFCC3248A}.Release|Any CPU.Build.0 = Release|Any CPU
		{B344D617-947C-4316-BB45-F0AFFCC3248A}.Release|x64.ActiveCfg = Release|Any CPU
		{B344D617-947C-4316-BB45-F0AFFCC3248A}.Release|x64.Build.0 = Release|Any CPU
		{B344D617-947C-4316-BB45-F0AFFCC3248A}.Release|x86.ActiveCfg = Release|Any CPU
		{B344D617-947C-4316-BB45-F0AFFCC3248A}.Release|x86.Build.0 = Release|Any CPU
		{3BD473FD-03EC-42C1-B371-DECCA21FBEC4}.Debug|Any CPU.ActiveCfg = Debug|Any CPU
		{3BD473FD-03EC-42C1-B371-DECCA21FBEC4}.Debug|Any CPU.Build.0 = Debug|Any CPU
		{3BD473FD-03EC-42C1-B371-DECCA21FBEC4}.Debug|x64.ActiveCfg = Debug|Any CPU
		{3BD473FD-03EC-42C1-B371-DECCA21FBEC4}.Debug|x64.Build.0 = Debug|Any CPU
		{3BD473FD-03EC-42C1-B371-DECCA21FBEC4}.Debug|x86.ActiveCfg = Debug|Any CPU
		{3BD473FD-03EC-42C1-B371-DECCA21FBEC4}.Debug|x86.Build.0 = Debug|Any CPU
		{3BD473FD-03EC-42C1-B371-DECCA21FBEC4}.Release|Any CPU.ActiveCfg = Release|Any CPU
		{3BD473FD-03EC-42C1-B371-DECCA21FBEC4}.Release|Any CPU.Build.0 = Release|Any CPU
		{3BD473FD-03EC-42C1-B371-DECCA21FBEC4}.Release|x64.ActiveCfg = Release|Any CPU
		{3BD473FD-03EC-42C1-B371-DECCA21FBEC4}.Release|x64.Build.0 = Release|Any CPU
		{3BD473FD-03EC-42C1-B371-DECCA21FBEC4}.Release|x86.ActiveCfg = Release|Any CPU
		{3BD473FD-03EC-42C1-B371-DECCA21FBEC4}.Release|x86.Build.0 = Release|Any CPU
		{2B93A0F2-D727-49FB-BF98-C51A8D93E700}.Debug|Any CPU.ActiveCfg = Debug|Any CPU
		{2B93A0F2-D727-49FB-BF98-C51A8D93E700}.Debug|Any CPU.Build.0 = Debug|Any CPU
		{2B93A0F2-D727-49FB-BF98-C51A8D93E700}.Debug|x64.ActiveCfg = Debug|Any CPU
		{2B93A0F2-D727-49FB-BF98-C51A8D93E700}.Debug|x64.Build.0 = Debug|Any CPU
		{2B93A0F2-D727-49FB-BF98-C51A8D93E700}.Debug|x86.ActiveCfg = Debug|Any CPU
		{2B93A0F2-D727-49FB-BF98-C51A8D93E700}.Debug|x86.Build.0 = Debug|Any CPU
		{2B93A0F2-D727-49FB-BF98-C51A8D93E700}.Release|Any CPU.ActiveCfg = Release|Any CPU
		{2B93A0F2-D727-49FB-BF98-C51A8D93E700}.Release|Any CPU.Build.0 = Release|Any CPU
		{2B93A0F2-D727-49FB-BF98-C51A8D93E700}.Release|x64.ActiveCfg = Release|Any CPU
		{2B93A0F2-D727-49FB-BF98-C51A8D93E700}.Release|x64.Build.0 = Release|Any CPU
		{2B93A0F2-D727-49FB-BF98-C51A8D93E700}.Release|x86.ActiveCfg = Release|Any CPU
		{2B93A0F2-D727-49FB-BF98-C51A8D93E700}.Release|x86.Build.0 = Release|Any CPU
	EndGlobalSection
	GlobalSection(SolutionProperties) = preSolution
		HideSolutionNode = FALSE
	EndGlobalSection
	GlobalSection(NestedProjects) = preSolution
		{CB4AA16E-4D8F-414B-9E89-8F53F59C4951} = {827E0CD3-B72D-47B6-A68D-7590B98EB39B}
		{563708A1-BA21-4E87-9EC7-888BDF0CFD12} = {827E0CD3-B72D-47B6-A68D-7590B98EB39B}
		{F1F0E355-3AC5-495F-9F04-8CE27591DB9C} = {827E0CD3-B72D-47B6-A68D-7590B98EB39B}
		{202CBCED-251F-489E-9D6E-55FAA496CCFB} = {827E0CD3-B72D-47B6-A68D-7590B98EB39B}
		{F40B0C5B-08B4-41F1-8236-104688857846} = {827E0CD3-B72D-47B6-A68D-7590B98EB39B}
		{B344D617-947C-4316-BB45-F0AFFCC3248A} = {0AB3BF05-4346-4AA6-1389-037BE0695223}
		{3BD473FD-03EC-42C1-B371-DECCA21FBEC4} = {0AB3BF05-4346-4AA6-1389-037BE0695223}
		{2B93A0F2-D727-49FB-BF98-C51A8D93E700} = {0AB3BF05-4346-4AA6-1389-037BE0695223}
	EndGlobalSection
EndGlobal
